
Microsoft Visual Studio Solution File, Format Version 12.00
Project("{FAE04EC0-301F-11D3-BF4B-00C04F79EFBC}") = "Week-3_Tutorial_Workshop", "Week-3_Tutorial_Workshop\Week-3_Tutorial_Workshop.csproj", "{34570255-AC50-4D9F-909F-FF3D8446F2CB}"
EndProject
Global
	GlobalSection(SolutionConfigurationPlatforms) = preSolution
		Debug|Any CPU = Debug|Any CPU
		Release|Any CPU = Release|Any CPU
	EndGlobalSection
	GlobalSection(ProjectConfigurationPlatforms) = postSolution
		{34570255-AC50-4D9F-909F-FF3D8446F2CB}.Debug|Any CPU.ActiveCfg = Debug|Any CPU
		{34570255-AC50-4D9F-909F-FF3D8446F2CB}.Debug|Any CPU.Build.0 = Debug|Any CPU
		{34570255-AC50-4D9F-909F-FF3D8446F2CB}.Release|Any CPU.ActiveCfg = Release|Any CPU
		{34570255-AC50-4D9F-909F-FF3D8446F2CB}.Release|Any CPU.Build.0 = Release|Any CPU
	EndGlobalSection
EndGlobal
